
Microsoft Visual Studio Solution File, Format Version 12.00
# Visual Studio Version 17
VisualStudioVersion = 17.0.31919.166
MinimumVisualStudioVersion = 10.0.40219.1
Project("{8BC9CEB8-8B4A-11D0-8D11-00A0C91BC942}") = "04_06_ConsoleProcess", "..\T1\04_06_ConsoleProcess\04_06_ConsoleProcess.vcxproj", "{1558FDCD-7422-4B1F-ABCF-07E62DF754C0}"
EndProject
Project("{8BC9CEB8-8B4A-11D0-8D11-00A0C91BC942}") = "04_07_TerminateProcess", "..\T1\04_07_TerminateProcess\04_07_TerminateProcess.vcxproj", "{EA574BD3-6775-4851-AEAA-F731D0072092}"
EndProject
Project("{8BC9CEB8-8B4A-11D0-8D11-00A0C91BC942}") = "06_01_NonSyncThreads", "..\T3\06_01_NonSyncThreads\06_01_NonSyncThreads.vcxproj", "{A5050780-1257-4A3A-A05A-4C434E520C0B}"
EndProject
Project("{8BC9CEB8-8B4A-11D0-8D11-00A0C91BC942}") = "06_02_CriticalSection", "..\T3\06_02_CriticalSection\06_02_CriticalSection.vcxproj", "{8EFCE0DA-BBB4-4460-82CA-C6E246239FA2}"
EndProject
Project("{8BC9CEB8-8B4A-11D0-8D11-00A0C91BC942}") = "06_03_TryEnterCriticalSection", "..\T3\06_03_TryEnterCriticalSection\06_03_TryEnterCriticalSection.vcxproj", "{091FA3CF-D4C8-445D-BAA9-DBFDE246CC9A}"
EndProject
Project("{8BC9CEB8-8B4A-11D0-8D11-00A0C91BC942}") = "06_04_WaitForSingleObject", "..\T3\06_04_WaitForSingleObject\06_04_WaitForSingleObject.vcxproj", "{124BB2A8-23EC-4FFB-A2A2-34B59DB380AC}"
EndProject
Project("{8BC9CEB8-8B4A-11D0-8D11-00A0C91BC942}") = "06_05_WaitForMultipleObjects", "..\T3\06_05_WaitForMultipleObjects\06_05_WaitForMultipleObjects.vcxproj", "{7F1F701A-B34A-486D-9E58-524E38F5F46C}"
EndProject
Project("{8BC9CEB8-8B4A-11D0-8D11-00A0C91BC942}") = "06_06_NonSyncProcess", "..\T3\06_06_NonSyncProcess\06_06_NonSyncProcess.vcxproj", "{010F3FFA-08B0-44F4-A19D-30C8F9A12518}"
EndProject
Project("{8BC9CEB8-8B4A-11D0-8D11-00A0C91BC942}") = "06_07_ConsoleProcess", "..\T3\06_07_ConsoleProcess\06_07_ConsoleProcess.vcxproj", "{3A49D017-3554-471B-9A52-CE42B7A2C529}"
EndProject
Project("{8BC9CEB8-8B4A-11D0-8D11-00A0C91BC942}") = "06_08_CreateMutex", "..\T3\06_08_CreateMutex\06_08_CreateMutex.vcxproj", "{E8E56954-A03B-4DD3-8FEA-0FF77FAD3911}"
EndProject
Project("{8BC9CEB8-8B4A-11D0-8D11-00A0C91BC942}") = "06_09_ConsoleProcess", "..\T3\06_09_ConsoleProcess\06_09_ConsoleProcess.vcxproj", "{4B788BF9-1B29-4E5F-9D7B-49B8DBDE0762}"
EndProject
Project("{8BC9CEB8-8B4A-11D0-8D11-00A0C91BC942}") = "06_10_SetEvent", "..\T3\06_10_SetEvent\06_10_SetEvent.vcxproj", "{C903B07B-27CF-4E0C-98ED-86763C5A5E14}"
EndProject
Project("{8BC9CEB8-8B4A-11D0-8D11-00A0C91BC942}") = "06_11_SetEvent", "..\T3\06_11_SetEvent\06_11_SetEvent.vcxproj", "{6F4587C8-2F43-4074-A59C-9107CC07A2CF}"
EndProject
Project("{8BC9CEB8-8B4A-11D0-8D11-00A0C91BC942}") = "06_12_CreateEvent", "..\T3\06_12_CreateEvent\06_12_CreateEvent.vcxproj", "{CF65EB1D-3848-43DF-890C-9EF9B870FA75}"
EndProject
Project("{8BC9CEB8-8B4A-11D0-8D11-00A0C91BC942}") = "06_15_CreateReleaseSemaphore", "..\T3\06_15_CreateReleaseSemaphore\06_15_CreateReleaseSemaphore.vcxproj", "{B62AD9ED-D8C8-4DCB-ACAA-1AD366CC3C18}"
EndProject
Project("{8BC9CEB8-8B4A-11D0-8D11-00A0C91BC942}") = "15-01-Client", "..\T4\15-01-Client\15-01-Client.vcxproj", "{03B17020-9496-4815-B780-6FBEFE1D4E5C}"
EndProject
Project("{8BC9CEB8-8B4A-11D0-8D11-00A0C91BC942}") = "15-02-Server", "..\T4\15-02-Server\15-02-Server.vcxproj", "{8D039F78-54CA-433F-BD01-0B9D0D586B39}"
EndProject
Project("{8BC9CEB8-8B4A-11D0-8D11-00A0C91BC942}") = "15-03-Client", "..\T4\15-03-Client\15-03-Client.vcxproj", "{18D80974-27CA-4C20-9754-56956D4E395C}"
EndProject
Project("{8BC9CEB8-8B4A-11D0-8D11-00A0C91BC942}") = "15-04-Server", "..\T4\15-04-Server\15-04-Server.vcxproj", "{35252F02-A833-42B4-8129-30CB1F6533E5}"
EndProject
Project("{8BC9CEB8-8B4A-11D0-8D11-00A0C91BC942}") = "15-05-Client1", "..\T4\15-05-Client1\15-05-Client1.vcxproj", "{74C55337-E4A2-4CF1-8E3C-29A85FD19173}"
EndProject
Project("{8BC9CEB8-8B4A-11D0-8D11-00A0C91BC942}") = "15-06-Client2", "..\T4\15-06-Client2\15-06-Client2.vcxproj", "{8AC24248-6C15-40BA-BB25-05274E41CAE7}"
EndProject
Project("{8BC9CEB8-8B4A-11D0-8D11-00A0C91BC942}") = "15-07-Server", "..\T4\15-07-Server\15-07-Server.vcxproj", "{1C463E95-824E-4C89-AB4B-A8A0AF8F5FC7}"
EndProject
Project("{8BC9CEB8-8B4A-11D0-8D11-00A0C91BC942}") = "16-01-Server", "..\T4\16-01-Server\16-01-Server.vcxproj", "{4E6FE3CE-2D99-457D-BC43-DDB83192EEFA}"
EndProject
Project("{8BC9CEB8-8B4A-11D0-8D11-00A0C91BC942}") = "16-02-Client", "..\T4\16-02-Client\16-02-Client.vcxproj", "{08A087C9-F651-4ACF-838E-DD9A0022F0BD}"
EndProject
Project("{8BC9CEB8-8B4A-11D0-8D11-00A0C91BC942}") = "16-03-Server", "..\T4\16-03-Server\16-03-Server.vcxproj", "{364254FA-3675-416D-92D6-0A5F0679345B}"
EndProject
Project("{8BC9CEB8-8B4A-11D0-8D11-00A0C91BC942}") = "16-04-Client", "..\T4\16-04-Client\16-04-Client.vcxproj", "{3567330E-3991-480B-8441-3C042EE08610}"
EndProject
Project("{8BC9CEB8-8B4A-11D0-8D11-00A0C91BC942}") = "16-05-Server", "..\T4\16-05-Server\16-05-Server.vcxproj", "{A91A5172-5D68-45F4-A268-22C74D8F1BE8}"
EndProject
Project("{8BC9CEB8-8B4A-11D0-8D11-00A0C91BC942}") = "17-01-Server", "..\T4\17-01-Server\17-01-Server.vcxproj", "{49E6E912-6A19-4366-9D27-C0290DDA098A}"
EndProject
Project("{8BC9CEB8-8B4A-11D0-8D11-00A0C91BC942}") = "17-02-Client", "..\T4\17-02-Client\17-02-Client.vcxproj", "{01245C6A-920B-4786-B7EC-6A8A2316F3A7}"
EndProject
Project("{8BC9CEB8-8B4A-11D0-8D11-00A0C91BC942}") = "17-03-Server", "..\T4\17-03-Server\17-03-Server.vcxproj", "{1DDDFBF0-D94B-4340-9ED6-1EFBD8A3A41B}"
EndProject
Project("{8BC9CEB8-8B4A-11D0-8D11-00A0C91BC942}") = "17-04-Client", "..\T4\17-04-Client\17-04-Client.vcxproj", "{550A87EC-4996-48E6-962A-34B744C8F695}"
EndProject
Project("{8BC9CEB8-8B4A-11D0-8D11-00A0C91BC942}") = "21-01-VirtualAlloc", "..\T5\21-01-VirtualAlloc\21-01-VirtualAlloc.vcxproj", "{7D78FAC0-0935-4B15-A204-92942E9F6946}"
EndProject
Project("{8BC9CEB8-8B4A-11D0-8D11-00A0C91BC942}") = "21-02-VirtualAlloc", "..\T5\21-02-VirtualAlloc\21-02-VirtualAlloc.vcxproj", "{A3DD404F-1BDE-48C3-87D2-4BC360DDCE1F}"
EndProject
Project("{8BC9CEB8-8B4A-11D0-8D11-00A0C91BC942}") = "21-03-VirtualAlloc", "..\T5\21-03-VirtualAlloc\21-03-VirtualAlloc.vcxproj", "{A755C665-C038-4C8B-A7CC-1203CDBD8C9E}"
EndProject
Project("{8BC9CEB8-8B4A-11D0-8D11-00A0C91BC942}") = "21-04-VirtualAlloc", "..\T5\21-04-VirtualAlloc\21-04-VirtualAlloc.vcxproj", "{68585F2B-1DDC-4106-AE91-F3A2C08583F8}"
EndProject
Project("{8BC9CEB8-8B4A-11D0-8D11-00A0C91BC942}") = "21-05-VirtualLock", "..\T5\21-05-VirtualLock\21-05-VirtualLock.vcxproj", "{0A2399BB-5C32-405B-B151-6637C1A5D322}"
EndProject
Project("{8BC9CEB8-8B4A-11D0-8D11-00A0C91BC942}") = "21-06-VirtualProtect", "..\T5\21-06-VirtualProtect\21-06-VirtualProtect.vcxproj", "{B88C9856-39D1-4A59-A98C-C64C487E2860}"
EndProject
Project("{8BC9CEB8-8B4A-11D0-8D11-00A0C91BC942}") = "21-07-GetSetProcessWorkingSetSize", "..\T5\21-07-GetSetProcessWorkingSetSize\21-07-GetSetProcessWorkingSetSize.vcxproj", "{F14303FB-8842-46C5-B06A-846F244D5166}"
EndProject
Project("{8BC9CEB8-8B4A-11D0-8D11-00A0C91BC942}") = "21-08-FillCopyMemory", "..\T5\21-08-FillCopyMemory\21-08-FillCopyMemory.vcxproj", "{85817A73-D1AC-4A66-97D5-C2DF55F1D472}"
EndProject
Project("{8BC9CEB8-8B4A-11D0-8D11-00A0C91BC942}") = "21-08-VirtualQuery", "..\T5\21-08-VirtualQuery\21-08-VirtualQuery.vcxproj", "{A5CF34D8-FBA3-4736-B33E-C57BBD45948D}"
EndProject
Project("{8BC9CEB8-8B4A-11D0-8D11-00A0C91BC942}") = "21-09-VirtualAllocEx", "..\T5\21-09-VirtualAllocEx\21-09-VirtualAllocEx.vcxproj", "{343409D3-D9D6-4D00-9176-30CB78F040D7}"
EndProject
Project("{8BC9CEB8-8B4A-11D0-8D11-00A0C91BC942}") = "21-10-ConsoleProcess", "..\T5\21-10-ConsoleProcess\21-10-ConsoleProcess.vcxproj", "{19864412-EC34-49F8-BAA5-6D834A5AD9BA}"
EndProject
Project("{8BC9CEB8-8B4A-11D0-8D11-00A0C91BC942}") = "22-01-HeapAlloc", "..\T5\22-01-HeapAlloc\22-01-HeapAlloc.vcxproj", "{C07EC258-76C6-4DE9-8630-0B6591BAC4FF}"
EndProject
Project("{8BC9CEB8-8B4A-11D0-8D11-00A0C91BC942}") = "22-02-HeapCreate", "..\T5\22-02-HeapCreate\22-02-HeapCreate.vcxproj", "{780BAAA8-5D6F-4B31-939F-14A992B3948B}"
EndProject
Project("{8BC9CEB8-8B4A-11D0-8D11-00A0C91BC942}") = "22-03-HeapAlloc", "..\T5\22-03-HeapAlloc\22-03-HeapAlloc.vcxproj", "{1A340322-2271-457F-8A7B-655F7D5D5A17}"
EndProject
Project("{8BC9CEB8-8B4A-11D0-8D11-00A0C91BC942}") = "22-04-HeapAlloc", "..\T5\22-04-HeapAlloc\22-04-HeapAlloc.vcxproj", "{26B593BB-11DB-48A1-ACAE-E428BADC4453}"
EndProject
Project("{8BC9CEB8-8B4A-11D0-8D11-00A0C91BC942}") = "22-05-HeapReAlloc", "..\T5\22-05-HeapReAlloc\22-05-HeapReAlloc.vcxproj", "{121B0BD0-9819-41B8-BACE-508A243A80EF}"
EndProject
Project("{8BC9CEB8-8B4A-11D0-8D11-00A0C91BC942}") = "22-06-HeapLockUnlock", "..\T5\22-06-HeapLockUnlock\22-06-HeapLockUnlock.vcxproj", "{9416B80C-9E84-4F80-9805-65B529D3F9BF}"
EndProject
Project("{8BC9CEB8-8B4A-11D0-8D11-00A0C91BC942}") = "22-07-HeapValidate", "..\T5\22-07-HeapValidate\22-07-HeapValidate.vcxproj", "{162A2DDE-41ED-4E32-A645-9228E5EC04EC}"
EndProject
Project("{8BC9CEB8-8B4A-11D0-8D11-00A0C91BC942}") = "22-08-HeapWalk", "..\T5\22-08-HeapWalk\22-08-HeapWalk.vcxproj", "{0ECAD2AD-B6DF-4279-810B-29E76F64CB26}"
EndProject
Project("{8BC9CEB8-8B4A-11D0-8D11-00A0C91BC942}") = "22-09-HeapCompact", "..\T5\22-09-HeapCompact\22-09-HeapCompact.vcxproj", "{C9A238CD-2BB7-49AD-AAF4-EDE45CAFDEA6}"
EndProject
Project("{8BC9CEB8-8B4A-11D0-8D11-00A0C91BC942}") = "24-01-DeleteFile", "..\T6\24-01-DeleteFile\24-01-DeleteFile.vcxproj", "{6E786264-2B7F-4BBD-A60C-1F57FA4D9F8F}"
EndProject
Project("{8BC9CEB8-8B4A-11D0-8D11-00A0C91BC942}") = "24-02-CreateWriteFile", "..\T6\24-02-CreateWriteFile\24-02-CreateWriteFile.vcxproj", "{91FC695A-8A64-4B4A-99A1-4899E17B90D1}"
EndProject
Project("{8BC9CEB8-8B4A-11D0-8D11-00A0C91BC942}") = "24-03-FlushFileBuffers", "..\T6\24-03-FlushFileBuffers\24-03-FlushFileBuffers.vcxproj", "{10D757DA-A1AB-43BC-8B07-B4AA5B38680C}"
EndProject
Project("{8BC9CEB8-8B4A-11D0-8D11-00A0C91BC942}") = "24-04-ReadFile", "..\T6\24-04-ReadFile\24-04-ReadFile.vcxproj", "{6C9850C3-F30D-416C-BF6F-D558374C305D}"
EndProject
Project("{8BC9CEB8-8B4A-11D0-8D11-00A0C91BC942}") = "24-05-CopyFile", "..\T6\24-05-CopyFile\24-05-CopyFile.vcxproj", "{1D33D719-868D-46AC-8690-8E73C238C32B}"
EndProject
Project("{8BC9CEB8-8B4A-11D0-8D11-00A0C91BC942}") = "24-06-MoveFile", "..\T6\24-06-MoveFile\24-06-MoveFile.vcxproj", "{D3F2E210-0BB5-4B69-989B-5DEEB9090790}"
EndProject
Project("{8BC9CEB8-8B4A-11D0-8D11-00A0C91BC942}") = "24-07-ReplaceFile", "..\T6\24-07-ReplaceFile\24-07-ReplaceFile.vcxproj", "{6E669DB6-C50F-4BB8-A0CC-241359370A1F}"
EndProject
Project("{8BC9CEB8-8B4A-11D0-8D11-00A0C91BC942}") = "24-08-SetFilePointer", "..\T6\24-08-SetFilePointer\24-08-SetFilePointer.vcxproj", "{D8F2E076-3F82-4013-B2C1-602CA99E1FAC}"
EndProject
Project("{8BC9CEB8-8B4A-11D0-8D11-00A0C91BC942}") = "24-09-SetFilePointerEx", "..\T6\24-09-SetFilePointerEx\24-09-SetFilePointerEx.vcxproj", "{830E42AA-743C-4D4D-8C37-19BFD8DB48D3}"
EndProject
Project("{8BC9CEB8-8B4A-11D0-8D11-00A0C91BC942}") = "24-10-SetGetFileAttributes", "..\T6\24-10-SetGetFileAttributes\24-10-SetGetFileAttributes.vcxproj", "{C11D7FED-7D02-4E83-B48B-60E54E6AED3F}"
EndProject
Project("{8BC9CEB8-8B4A-11D0-8D11-00A0C91BC942}") = "24-11-GetFileSize", "..\T6\24-11-GetFileSize\24-11-GetFileSize.vcxproj", "{9686D2ED-1A29-4BC1-A7E6-0D4D4F137182}"
EndProject
Project("{8BC9CEB8-8B4A-11D0-8D11-00A0C91BC942}") = "24-12-GetFileSizeEx", "..\T6\24-12-GetFileSizeEx\24-12-GetFileSizeEx.vcxproj", "{99DEE43A-B0C3-455D-A84A-906CCEC6CDF2}"
EndProject
Project("{8BC9CEB8-8B4A-11D0-8D11-00A0C91BC942}") = "24-13-SetEndOfFile", "..\T6\24-13-SetEndOfFile\24-13-SetEndOfFile.vcxproj", "{E41AFC89-CA04-4D71-9544-6EA3154F889B}"
EndProject
Project("{8BC9CEB8-8B4A-11D0-8D11-00A0C91BC942}") = "24-14-LockFile", "..\T6\24-14-LockFile\24-14-LockFile.vcxproj", "{1BFCD5BF-ECFA-4A93-9086-0C4A625C2C0F}"
EndProject
Project("{8BC9CEB8-8B4A-11D0-8D11-00A0C91BC942}") = "24-15-GetFileInformationByHandle", "..\T6\24-15-GetFileInformationByHandle\24-15-GetFileInformationByHandle.vcxproj", "{47888976-745B-406D-96A3-17785487597F}"
EndProject
Project("{8BC9CEB8-8B4A-11D0-8D11-00A0C91BC942}") = "24-16-FileTimeToSystemTime", "..\T6\24-16-FileTimeToSystemTime\24-16-FileTimeToSystemTime.vcxproj", "{802CA8C8-4C19-45F6-828F-9AA66D7FC4D2}"
EndProject
Project("{8BC9CEB8-8B4A-11D0-8D11-00A0C91BC942}") = "24-17-GetFileType", "..\T6\24-17-GetFileType\24-17-GetFileType.vcxproj", "{5333475F-A74D-4355-8907-1792F377C806}"
EndProject
Project("{8BC9CEB8-8B4A-11D0-8D11-00A0C91BC942}") = "24-18-GetBinaryType", "..\T6\24-18-GetBinaryType\24-18-GetBinaryType.vcxproj", "{E47DED55-89F1-4929-A994-3C8DDFC7B49E}"
EndProject
Project("{8BC9CEB8-8B4A-11D0-8D11-00A0C91BC942}") = "25-01-CreateDirectory", "..\T6\25-01-CreateDirectory\25-01-CreateDirectory.vcxproj", "{4A188A1E-4F63-4330-A846-97A0C8E1D5E3}"
EndProject
Project("{8BC9CEB8-8B4A-11D0-8D11-00A0C91BC942}") = "25-02-CreateDirectoryEx", "..\T6\25-02-CreateDirectoryEx\25-02-CreateDirectoryEx.vcxproj", "{692FB58C-1C69-4D58-B29C-15DB2036E9F6}"
EndProject
Project("{8BC9CEB8-8B4A-11D0-8D11-00A0C91BC942}") = "25-03-FindFirstNextFile", "..\T6\25-03-FindFirstNextFile\25-03-FindFirstNextFile.vcxproj", "{ED6683A4-357E-4A62-B723-F97090348E2C}"
EndProject
Project("{8BC9CEB8-8B4A-11D0-8D11-00A0C91BC942}") = "25-04-RemoveDirectory", "..\T6\25-04-RemoveDirectory\25-04-RemoveDirectory.vcxproj", "{7CFBCEA1-B1AE-4A6A-BC07-3614453D6EB7}"
EndProject
Project("{8BC9CEB8-8B4A-11D0-8D11-00A0C91BC942}") = "25-05-RemoveDirectory", "..\T6\25-05-RemoveDirectory\25-05-RemoveDirectory.vcxproj", "{72528592-9E3D-4657-9C7C-A8EDF3910553}"
EndProject
Project("{8BC9CEB8-8B4A-11D0-8D11-00A0C91BC942}") = "25-06-MoveFile", "..\T6\25-06-MoveFile\25-06-MoveFile.vcxproj", "{F2A3839A-10D4-4220-91CA-9609FC37BB0B}"
EndProject
Project("{8BC9CEB8-8B4A-11D0-8D11-00A0C91BC942}") = "25-07-GetCurrentDirectory", "..\T6\25-07-GetCurrentDirectory\25-07-GetCurrentDirectory.vcxproj", "{EA92BB52-5913-4E38-AC6A-4E9F256DBCCA}"
EndProject
Project("{8BC9CEB8-8B4A-11D0-8D11-00A0C91BC942}") = "25-08-FindFirstChangeNotification", "..\T6\25-08-FindFirstChangeNotification\25-08-FindFirstChangeNotification.vcxproj", "{941A9235-D5E0-466E-86C7-B210C7181E89}"
EndProject
Global
	GlobalSection(SolutionConfigurationPlatforms) = preSolution
		Debug|x64 = Debug|x64
		Debug|x86 = Debug|x86
		Release|x64 = Release|x64
		Release|x86 = Release|x86
	EndGlobalSection
	GlobalSection(ProjectConfigurationPlatforms) = postSolution
		{1558FDCD-7422-4B1F-ABCF-07E62DF754C0}.Debug|x64.ActiveCfg = Debug|x64
		{1558FDCD-7422-4B1F-ABCF-07E62DF754C0}.Debug|x64.Build.0 = Debug|x64
		{1558FDCD-7422-4B1F-ABCF-07E62DF754C0}.Debug|x86.ActiveCfg = Debug|Win32
		{1558FDCD-7422-4B1F-ABCF-07E62DF754C0}.Debug|x86.Build.0 = Debug|Win32
		{1558FDCD-7422-4B1F-ABCF-07E62DF754C0}.Release|x64.ActiveCfg = Release|x64
		{1558FDCD-7422-4B1F-ABCF-07E62DF754C0}.Release|x64.Build.0 = Release|x64
		{1558FDCD-7422-4B1F-ABCF-07E62DF754C0}.Release|x86.ActiveCfg = Release|Win32
		{1558FDCD-7422-4B1F-ABCF-07E62DF754C0}.Release|x86.Build.0 = Release|Win32
		{EA574BD3-6775-4851-AEAA-F731D0072092}.Debug|x64.ActiveCfg = Debug|x64
		{EA574BD3-6775-4851-AEAA-F731D0072092}.Debug|x64.Build.0 = Debug|x64
		{EA574BD3-6775-4851-AEAA-F731D0072092}.Debug|x86.ActiveCfg = Debug|Win32
		{EA574BD3-6775-4851-AEAA-F731D0072092}.Debug|x86.Build.0 = Debug|Win32
		{EA574BD3-6775-4851-AEAA-F731D0072092}.Release|x64.ActiveCfg = Release|x64
		{EA574BD3-6775-4851-AEAA-F731D0072092}.Release|x64.Build.0 = Release|x64
		{EA574BD3-6775-4851-AEAA-F731D0072092}.Release|x86.ActiveCfg = Release|Win32
		{EA574BD3-6775-4851-AEAA-F731D0072092}.Release|x86.Build.0 = Release|Win32
		{A5050780-1257-4A3A-A05A-4C434E520C0B}.Debug|x64.ActiveCfg = Debug|x64
		{A5050780-1257-4A3A-A05A-4C434E520C0B}.Debug|x64.Build.0 = Debug|x64
		{A5050780-1257-4A3A-A05A-4C434E520C0B}.Debug|x86.ActiveCfg = Debug|Win32
		{A5050780-1257-4A3A-A05A-4C434E520C0B}.Debug|x86.Build.0 = Debug|Win32
		{A5050780-1257-4A3A-A05A-4C434E520C0B}.Release|x64.ActiveCfg = Release|x64
		{A5050780-1257-4A3A-A05A-4C434E520C0B}.Release|x64.Build.0 = Release|x64
		{A5050780-1257-4A3A-A05A-4C434E520C0B}.Release|x86.ActiveCfg = Release|Win32
		{A5050780-1257-4A3A-A05A-4C434E520C0B}.Release|x86.Build.0 = Release|Win32
		{8EFCE0DA-BBB4-4460-82CA-C6E246239FA2}.Debug|x64.ActiveCfg = Debug|x64
		{8EFCE0DA-BBB4-4460-82CA-C6E246239FA2}.Debug|x64.Build.0 = Debug|x64
		{8EFCE0DA-BBB4-4460-82CA-C6E246239FA2}.Debug|x86.ActiveCfg = Debug|Win32
		{8EFCE0DA-BBB4-4460-82CA-C6E246239FA2}.Debug|x86.Build.0 = Debug|Win32
		{8EFCE0DA-BBB4-4460-82CA-C6E246239FA2}.Release|x64.ActiveCfg = Release|x64
		{8EFCE0DA-BBB4-4460-82CA-C6E246239FA2}.Release|x64.Build.0 = Release|x64
		{8EFCE0DA-BBB4-4460-82CA-C6E246239FA2}.Release|x86.ActiveCfg = Release|Win32
		{8EFCE0DA-BBB4-4460-82CA-C6E246239FA2}.Release|x86.Build.0 = Release|Win32
		{091FA3CF-D4C8-445D-BAA9-DBFDE246CC9A}.Debug|x64.ActiveCfg = Debug|x64
		{091FA3CF-D4C8-445D-BAA9-DBFDE246CC9A}.Debug|x64.Build.0 = Debug|x64
		{091FA3CF-D4C8-445D-BAA9-DBFDE246CC9A}.Debug|x86.ActiveCfg = Debug|Win32
		{091FA3CF-D4C8-445D-BAA9-DBFDE246CC9A}.Debug|x86.Build.0 = Debug|Win32
		{091FA3CF-D4C8-445D-BAA9-DBFDE246CC9A}.Release|x64.ActiveCfg = Release|x64
		{091FA3CF-D4C8-445D-BAA9-DBFDE246CC9A}.Release|x64.Build.0 = Release|x64
		{091FA3CF-D4C8-445D-BAA9-DBFDE246CC9A}.Release|x86.ActiveCfg = Release|Win32
		{091FA3CF-D4C8-445D-BAA9-DBFDE246CC9A}.Release|x86.Build.0 = Release|Win32
		{124BB2A8-23EC-4FFB-A2A2-34B59DB380AC}.Debug|x64.ActiveCfg = Debug|x64
		{124BB2A8-23EC-4FFB-A2A2-34B59DB380AC}.Debug|x64.Build.0 = Debug|x64
		{124BB2A8-23EC-4FFB-A2A2-34B59DB380AC}.Debug|x86.ActiveCfg = Debug|Win32
		{124BB2A8-23EC-4FFB-A2A2-34B59DB380AC}.Debug|x86.Build.0 = Debug|Win32
		{124BB2A8-23EC-4FFB-A2A2-34B59DB380AC}.Release|x64.ActiveCfg = Release|x64
		{124BB2A8-23EC-4FFB-A2A2-34B59DB380AC}.Release|x64.Build.0 = Release|x64
		{124BB2A8-23EC-4FFB-A2A2-34B59DB380AC}.Release|x86.ActiveCfg = Release|Win32
		{124BB2A8-23EC-4FFB-A2A2-34B59DB380AC}.Release|x86.Build.0 = Release|Win32
		{7F1F701A-B34A-486D-9E58-524E38F5F46C}.Debug|x64.ActiveCfg = Debug|x64
		{7F1F701A-B34A-486D-9E58-524E38F5F46C}.Debug|x64.Build.0 = Debug|x64
		{7F1F701A-B34A-486D-9E58-524E38F5F46C}.Debug|x86.ActiveCfg = Debug|Win32
		{7F1F701A-B34A-486D-9E58-524E38F5F46C}.Debug|x86.Build.0 = Debug|Win32
		{7F1F701A-B34A-486D-9E58-524E38F5F46C}.Release|x64.ActiveCfg = Release|x64
		{7F1F701A-B34A-486D-9E58-524E38F5F46C}.Release|x64.Build.0 = Release|x64
		{7F1F701A-B34A-486D-9E58-524E38F5F46C}.Release|x86.ActiveCfg = Release|Win32
		{7F1F701A-B34A-486D-9E58-524E38F5F46C}.Release|x86.Build.0 = Release|Win32
		{010F3FFA-08B0-44F4-A19D-30C8F9A12518}.Debug|x64.ActiveCfg = Debug|x64
		{010F3FFA-08B0-44F4-A19D-30C8F9A12518}.Debug|x64.Build.0 = Debug|x64
		{010F3FFA-08B0-44F4-A19D-30C8F9A12518}.Debug|x86.ActiveCfg = Debug|Win32
		{010F3FFA-08B0-44F4-A19D-30C8F9A12518}.Debug|x86.Build.0 = Debug|Win32
		{010F3FFA-08B0-44F4-A19D-30C8F9A12518}.Release|x64.ActiveCfg = Release|x64
		{010F3FFA-08B0-44F4-A19D-30C8F9A12518}.Release|x64.Build.0 = Release|x64
		{010F3FFA-08B0-44F4-A19D-30C8F9A12518}.Release|x86.ActiveCfg = Release|Win32
		{010F3FFA-08B0-44F4-A19D-30C8F9A12518}.Release|x86.Build.0 = Release|Win32
		{3A49D017-3554-471B-9A52-CE42B7A2C529}.Debug|x64.ActiveCfg = Debug|x64
		{3A49D017-3554-471B-9A52-CE42B7A2C529}.Debug|x64.Build.0 = Debug|x64
		{3A49D017-3554-471B-9A52-CE42B7A2C529}.Debug|x86.ActiveCfg = Debug|Win32
		{3A49D017-3554-471B-9A52-CE42B7A2C529}.Debug|x86.Build.0 = Debug|Win32
		{3A49D017-3554-471B-9A52-CE42B7A2C529}.Release|x64.ActiveCfg = Release|x64
		{3A49D017-3554-471B-9A52-CE42B7A2C529}.Release|x64.Build.0 = Release|x64
		{3A49D017-3554-471B-9A52-CE42B7A2C529}.Release|x86.ActiveCfg = Release|Win32
		{3A49D017-3554-471B-9A52-CE42B7A2C529}.Release|x86.Build.0 = Release|Win32
		{E8E56954-A03B-4DD3-8FEA-0FF77FAD3911}.Debug|x64.ActiveCfg = Debug|x64
		{E8E56954-A03B-4DD3-8FEA-0FF77FAD3911}.Debug|x64.Build.0 = Debug|x64
		{E8E56954-A03B-4DD3-8FEA-0FF77FAD3911}.Debug|x86.ActiveCfg = Debug|Win32
		{E8E56954-A03B-4DD3-8FEA-0FF77FAD3911}.Debug|x86.Build.0 = Debug|Win32
		{E8E56954-A03B-4DD3-8FEA-0FF77FAD3911}.Release|x64.ActiveCfg = Release|x64
		{E8E56954-A03B-4DD3-8FEA-0FF77FAD3911}.Release|x64.Build.0 = Release|x64
		{E8E56954-A03B-4DD3-8FEA-0FF77FAD3911}.Release|x86.ActiveCfg = Release|Win32
		{E8E56954-A03B-4DD3-8FEA-0FF77FAD3911}.Release|x86.Build.0 = Release|Win32
		{4B788BF9-1B29-4E5F-9D7B-49B8DBDE0762}.Debug|x64.ActiveCfg = Debug|x64
		{4B788BF9-1B29-4E5F-9D7B-49B8DBDE0762}.Debug|x64.Build.0 = Debug|x64
		{4B788BF9-1B29-4E5F-9D7B-49B8DBDE0762}.Debug|x86.ActiveCfg = Debug|Win32
		{4B788BF9-1B29-4E5F-9D7B-49B8DBDE0762}.Debug|x86.Build.0 = Debug|Win32
		{4B788BF9-1B29-4E5F-9D7B-49B8DBDE0762}.Release|x64.ActiveCfg = Release|x64
		{4B788BF9-1B29-4E5F-9D7B-49B8DBDE0762}.Release|x64.Build.0 = Release|x64
		{4B788BF9-1B29-4E5F-9D7B-49B8DBDE0762}.Release|x86.ActiveCfg = Release|Win32
		{4B788BF9-1B29-4E5F-9D7B-49B8DBDE0762}.Release|x86.Build.0 = Release|Win32
		{C903B07B-27CF-4E0C-98ED-86763C5A5E14}.Debug|x64.ActiveCfg = Debug|x64
		{C903B07B-27CF-4E0C-98ED-86763C5A5E14}.Debug|x64.Build.0 = Debug|x64
		{C903B07B-27CF-4E0C-98ED-86763C5A5E14}.Debug|x86.ActiveCfg = Debug|Win32
		{C903B07B-27CF-4E0C-98ED-86763C5A5E14}.Debug|x86.Build.0 = Debug|Win32
		{C903B07B-27CF-4E0C-98ED-86763C5A5E14}.Release|x64.ActiveCfg = Release|x64
		{C903B07B-27CF-4E0C-98ED-86763C5A5E14}.Release|x64.Build.0 = Release|x64
		{C903B07B-27CF-4E0C-98ED-86763C5A5E14}.Release|x86.ActiveCfg = Release|Win32
		{C903B07B-27CF-4E0C-98ED-86763C5A5E14}.Release|x86.Build.0 = Release|Win32
		{6F4587C8-2F43-4074-A59C-9107CC07A2CF}.Debug|x64.ActiveCfg = Debug|x64
		{6F4587C8-2F43-4074-A59C-9107CC07A2CF}.Debug|x64.Build.0 = Debug|x64
		{6F4587C8-2F43-4074-A59C-9107CC07A2CF}.Debug|x86.ActiveCfg = Debug|Win32
		{6F4587C8-2F43-4074-A59C-9107CC07A2CF}.Debug|x86.Build.0 = Debug|Win32
		{6F4587C8-2F43-4074-A59C-9107CC07A2CF}.Release|x64.ActiveCfg = Release|x64
		{6F4587C8-2F43-4074-A59C-9107CC07A2CF}.Release|x64.Build.0 = Release|x64
		{6F4587C8-2F43-4074-A59C-9107CC07A2CF}.Release|x86.ActiveCfg = Release|Win32
		{6F4587C8-2F43-4074-A59C-9107CC07A2CF}.Release|x86.Build.0 = Release|Win32
		{CF65EB1D-3848-43DF-890C-9EF9B870FA75}.Debug|x64.ActiveCfg = Debug|x64
		{CF65EB1D-3848-43DF-890C-9EF9B870FA75}.Debug|x64.Build.0 = Debug|x64
		{CF65EB1D-3848-43DF-890C-9EF9B870FA75}.Debug|x86.ActiveCfg = Debug|Win32
		{CF65EB1D-3848-43DF-890C-9EF9B870FA75}.Debug|x86.Build.0 = Debug|Win32
		{CF65EB1D-3848-43DF-890C-9EF9B870FA75}.Release|x64.ActiveCfg = Release|x64
		{CF65EB1D-3848-43DF-890C-9EF9B870FA75}.Release|x64.Build.0 = Release|x64
		{CF65EB1D-3848-43DF-890C-9EF9B870FA75}.Release|x86.ActiveCfg = Release|Win32
		{CF65EB1D-3848-43DF-890C-9EF9B870FA75}.Release|x86.Build.0 = Release|Win32
		{B62AD9ED-D8C8-4DCB-ACAA-1AD366CC3C18}.Debug|x64.ActiveCfg = Debug|x64
		{B62AD9ED-D8C8-4DCB-ACAA-1AD366CC3C18}.Debug|x64.Build.0 = Debug|x64
		{B62AD9ED-D8C8-4DCB-ACAA-1AD366CC3C18}.Debug|x86.ActiveCfg = Debug|Win32
		{B62AD9ED-D8C8-4DCB-ACAA-1AD366CC3C18}.Debug|x86.Build.0 = Debug|Win32
		{B62AD9ED-D8C8-4DCB-ACAA-1AD366CC3C18}.Release|x64.ActiveCfg = Release|x64
		{B62AD9ED-D8C8-4DCB-ACAA-1AD366CC3C18}.Release|x64.Build.0 = Release|x64
		{B62AD9ED-D8C8-4DCB-ACAA-1AD366CC3C18}.Release|x86.ActiveCfg = Release|Win32
		{B62AD9ED-D8C8-4DCB-ACAA-1AD366CC3C18}.Release|x86.Build.0 = Release|Win32
		{03B17020-9496-4815-B780-6FBEFE1D4E5C}.Debug|x64.ActiveCfg = Debug|x64
		{03B17020-9496-4815-B780-6FBEFE1D4E5C}.Debug|x64.Build.0 = Debug|x64
		{03B17020-9496-4815-B780-6FBEFE1D4E5C}.Debug|x86.ActiveCfg = Debug|Win32
		{03B17020-9496-4815-B780-6FBEFE1D4E5C}.Debug|x86.Build.0 = Debug|Win32
		{03B17020-9496-4815-B780-6FBEFE1D4E5C}.Release|x64.ActiveCfg = Release|x64
		{03B17020-9496-4815-B780-6FBEFE1D4E5C}.Release|x64.Build.0 = Release|x64
		{03B17020-9496-4815-B780-6FBEFE1D4E5C}.Release|x86.ActiveCfg = Release|Win32
		{03B17020-9496-4815-B780-6FBEFE1D4E5C}.Release|x86.Build.0 = Release|Win32
		{8D039F78-54CA-433F-BD01-0B9D0D586B39}.Debug|x64.ActiveCfg = Debug|x64
		{8D039F78-54CA-433F-BD01-0B9D0D586B39}.Debug|x64.Build.0 = Debug|x64
		{8D039F78-54CA-433F-BD01-0B9D0D586B39}.Debug|x86.ActiveCfg = Debug|Win32
		{8D039F78-54CA-433F-BD01-0B9D0D586B39}.Debug|x86.Build.0 = Debug|Win32
		{8D039F78-54CA-433F-BD01-0B9D0D586B39}.Release|x64.ActiveCfg = Release|x64
		{8D039F78-54CA-433F-BD01-0B9D0D586B39}.Release|x64.Build.0 = Release|x64
		{8D039F78-54CA-433F-BD01-0B9D0D586B39}.Release|x86.ActiveCfg = Release|Win32
		{8D039F78-54CA-433F-BD01-0B9D0D586B39}.Release|x86.Build.0 = Release|Win32
		{18D80974-27CA-4C20-9754-56956D4E395C}.Debug|x64.ActiveCfg = Debug|x64
		{18D80974-27CA-4C20-9754-56956D4E395C}.Debug|x64.Build.0 = Debug|x64
		{18D80974-27CA-4C20-9754-56956D4E395C}.Debug|x86.ActiveCfg = Debug|Win32
		{18D80974-27CA-4C20-9754-56956D4E395C}.Debug|x86.Build.0 = Debug|Win32
		{18D80974-27CA-4C20-9754-56956D4E395C}.Release|x64.ActiveCfg = Release|x64
		{18D80974-27CA-4C20-9754-56956D4E395C}.Release|x64.Build.0 = Release|x64
		{18D80974-27CA-4C20-9754-56956D4E395C}.Release|x86.ActiveCfg = Release|Win32
		{18D80974-27CA-4C20-9754-56956D4E395C}.Release|x86.Build.0 = Release|Win32
		{35252F02-A833-42B4-8129-30CB1F6533E5}.Debug|x64.ActiveCfg = Debug|x64
		{35252F02-A833-42B4-8129-30CB1F6533E5}.Debug|x64.Build.0 = Debug|x64
		{35252F02-A833-42B4-8129-30CB1F6533E5}.Debug|x86.ActiveCfg = Debug|Win32
		{35252F02-A833-42B4-8129-30CB1F6533E5}.Debug|x86.Build.0 = Debug|Win32
		{35252F02-A833-42B4-8129-30CB1F6533E5}.Release|x64.ActiveCfg = Release|x64
		{35252F02-A833-42B4-8129-30CB1F6533E5}.Release|x64.Build.0 = Release|x64
		{35252F02-A833-42B4-8129-30CB1F6533E5}.Release|x86.ActiveCfg = Release|Win32
		{35252F02-A833-42B4-8129-30CB1F6533E5}.Release|x86.Build.0 = Release|Win32
		{74C55337-E4A2-4CF1-8E3C-29A85FD19173}.Debug|x64.ActiveCfg = Debug|x64
		{74C55337-E4A2-4CF1-8E3C-29A85FD19173}.Debug|x64.Build.0 = Debug|x64
		{74C55337-E4A2-4CF1-8E3C-29A85FD19173}.Debug|x86.ActiveCfg = Debug|Win32
		{74C55337-E4A2-4CF1-8E3C-29A85FD19173}.Debug|x86.Build.0 = Debug|Win32
		{74C55337-E4A2-4CF1-8E3C-29A85FD19173}.Release|x64.ActiveCfg = Release|x64
		{74C55337-E4A2-4CF1-8E3C-29A85FD19173}.Release|x64.Build.0 = Release|x64
		{74C55337-E4A2-4CF1-8E3C-29A85FD19173}.Release|x86.ActiveCfg = Release|Win32
		{74C55337-E4A2-4CF1-8E3C-29A85FD19173}.Release|x86.Build.0 = Release|Win32
		{8AC24248-6C15-40BA-BB25-05274E41CAE7}.Debug|x64.ActiveCfg = Debug|x64
		{8AC24248-6C15-40BA-BB25-05274E41CAE7}.Debug|x64.Build.0 = Debug|x64
		{8AC24248-6C15-40BA-BB25-05274E41CAE7}.Debug|x86.ActiveCfg = Debug|Win32
		{8AC24248-6C15-40BA-BB25-05274E41CAE7}.Debug|x86.Build.0 = Debug|Win32
		{8AC24248-6C15-40BA-BB25-05274E41CAE7}.Release|x64.ActiveCfg = Release|x64
		{8AC24248-6C15-40BA-BB25-05274E41CAE7}.Release|x64.Build.0 = Release|x64
		{8AC24248-6C15-40BA-BB25-05274E41CAE7}.Release|x86.ActiveCfg = Release|Win32
		{8AC24248-6C15-40BA-BB25-05274E41CAE7}.Release|x86.Build.0 = Release|Win32
		{1C463E95-824E-4C89-AB4B-A8A0AF8F5FC7}.Debug|x64.ActiveCfg = Debug|x64
		{1C463E95-824E-4C89-AB4B-A8A0AF8F5FC7}.Debug|x64.Build.0 = Debug|x64
		{1C463E95-824E-4C89-AB4B-A8A0AF8F5FC7}.Debug|x86.ActiveCfg = Debug|Win32
		{1C463E95-824E-4C89-AB4B-A8A0AF8F5FC7}.Debug|x86.Build.0 = Debug|Win32
		{1C463E95-824E-4C89-AB4B-A8A0AF8F5FC7}.Release|x64.ActiveCfg = Release|x64
		{1C463E95-824E-4C89-AB4B-A8A0AF8F5FC7}.Release|x64.Build.0 = Release|x64
		{1C463E95-824E-4C89-AB4B-A8A0AF8F5FC7}.Release|x86.ActiveCfg = Release|Win32
		{1C463E95-824E-4C89-AB4B-A8A0AF8F5FC7}.Release|x86.Build.0 = Release|Win32
		{4E6FE3CE-2D99-457D-BC43-DDB83192EEFA}.Debug|x64.ActiveCfg = Debug|x64
		{4E6FE3CE-2D99-457D-BC43-DDB83192EEFA}.Debug|x64.Build.0 = Debug|x64
		{4E6FE3CE-2D99-457D-BC43-DDB83192EEFA}.Debug|x86.ActiveCfg = Debug|Win32
		{4E6FE3CE-2D99-457D-BC43-DDB83192EEFA}.Debug|x86.Build.0 = Debug|Win32
		{4E6FE3CE-2D99-457D-BC43-DDB83192EEFA}.Release|x64.ActiveCfg = Release|x64
		{4E6FE3CE-2D99-457D-BC43-DDB83192EEFA}.Release|x64.Build.0 = Release|x64
		{4E6FE3CE-2D99-457D-BC43-DDB83192EEFA}.Release|x86.ActiveCfg = Release|Win32
		{4E6FE3CE-2D99-457D-BC43-DDB83192EEFA}.Release|x86.Build.0 = Release|Win32
		{08A087C9-F651-4ACF-838E-DD9A0022F0BD}.Debug|x64.ActiveCfg = Debug|x64
		{08A087C9-F651-4ACF-838E-DD9A0022F0BD}.Debug|x64.Build.0 = Debug|x64
		{08A087C9-F651-4ACF-838E-DD9A0022F0BD}.Debug|x86.ActiveCfg = Debug|Win32
		{08A087C9-F651-4ACF-838E-DD9A0022F0BD}.Debug|x86.Build.0 = Debug|Win32
		{08A087C9-F651-4ACF-838E-DD9A0022F0BD}.Release|x64.ActiveCfg = Release|x64
		{08A087C9-F651-4ACF-838E-DD9A0022F0BD}.Release|x64.Build.0 = Release|x64
		{08A087C9-F651-4ACF-838E-DD9A0022F0BD}.Release|x86.ActiveCfg = Release|Win32
		{08A087C9-F651-4ACF-838E-DD9A0022F0BD}.Release|x86.Build.0 = Release|Win32
		{364254FA-3675-416D-92D6-0A5F0679345B}.Debug|x64.ActiveCfg = Debug|x64
		{364254FA-3675-416D-92D6-0A5F0679345B}.Debug|x64.Build.0 = Debug|x64
		{364254FA-3675-416D-92D6-0A5F0679345B}.Debug|x86.ActiveCfg = Debug|Win32
		{364254FA-3675-416D-92D6-0A5F0679345B}.Debug|x86.Build.0 = Debug|Win32
		{364254FA-3675-416D-92D6-0A5F0679345B}.Release|x64.ActiveCfg = Release|x64
		{364254FA-3675-416D-92D6-0A5F0679345B}.Release|x64.Build.0 = Release|x64
		{364254FA-3675-416D-92D6-0A5F0679345B}.Release|x86.ActiveCfg = Release|Win32
		{364254FA-3675-416D-92D6-0A5F0679345B}.Release|x86.Build.0 = Release|Win32
		{3567330E-3991-480B-8441-3C042EE08610}.Debug|x64.ActiveCfg = Debug|x64
		{3567330E-3991-480B-8441-3C042EE08610}.Debug|x64.Build.0 = Debug|x64
		{3567330E-3991-480B-8441-3C042EE08610}.Debug|x86.ActiveCfg = Debug|Win32
		{3567330E-3991-480B-8441-3C042EE08610}.Debug|x86.Build.0 = Debug|Win32
		{3567330E-3991-480B-8441-3C042EE08610}.Release|x64.ActiveCfg = Release|x64
		{3567330E-3991-480B-8441-3C042EE08610}.Release|x64.Build.0 = Release|x64
		{3567330E-3991-480B-8441-3C042EE08610}.Release|x86.ActiveCfg = Release|Win32
		{3567330E-3991-480B-8441-3C042EE08610}.Release|x86.Build.0 = Release|Win32
		{A91A5172-5D68-45F4-A268-22C74D8F1BE8}.Debug|x64.ActiveCfg = Debug|x64
		{A91A5172-5D68-45F4-A268-22C74D8F1BE8}.Debug|x64.Build.0 = Debug|x64
		{A91A5172-5D68-45F4-A268-22C74D8F1BE8}.Debug|x86.ActiveCfg = Debug|Win32
		{A91A5172-5D68-45F4-A268-22C74D8F1BE8}.Debug|x86.Build.0 = Debug|Win32
		{A91A5172-5D68-45F4-A268-22C74D8F1BE8}.Release|x64.ActiveCfg = Release|x64
		{A91A5172-5D68-45F4-A268-22C74D8F1BE8}.Release|x64.Build.0 = Release|x64
		{A91A5172-5D68-45F4-A268-22C74D8F1BE8}.Release|x86.ActiveCfg = Release|Win32
		{A91A5172-5D68-45F4-A268-22C74D8F1BE8}.Release|x86.Build.0 = Release|Win32
		{49E6E912-6A19-4366-9D27-C0290DDA098A}.Debug|x64.ActiveCfg = Debug|x64
		{49E6E912-6A19-4366-9D27-C0290DDA098A}.Debug|x64.Build.0 = Debug|x64
		{49E6E912-6A19-4366-9D27-C0290DDA098A}.Debug|x86.ActiveCfg = Debug|Win32
		{49E6E912-6A19-4366-9D27-C0290DDA098A}.Debug|x86.Build.0 = Debug|Win32
		{49E6E912-6A19-4366-9D27-C0290DDA098A}.Release|x64.ActiveCfg = Release|x64
		{49E6E912-6A19-4366-9D27-C0290DDA098A}.Release|x64.Build.0 = Release|x64
		{49E6E912-6A19-4366-9D27-C0290DDA098A}.Release|x86.ActiveCfg = Release|Win32
		{49E6E912-6A19-4366-9D27-C0290DDA098A}.Release|x86.Build.0 = Release|Win32
		{01245C6A-920B-4786-B7EC-6A8A2316F3A7}.Debug|x64.ActiveCfg = Debug|x64
		{01245C6A-920B-4786-B7EC-6A8A2316F3A7}.Debug|x64.Build.0 = Debug|x64
		{01245C6A-920B-4786-B7EC-6A8A2316F3A7}.Debug|x86.ActiveCfg = Debug|Win32
		{01245C6A-920B-4786-B7EC-6A8A2316F3A7}.Debug|x86.Build.0 = Debug|Win32
		{01245C6A-920B-4786-B7EC-6A8A2316F3A7}.Release|x64.ActiveCfg = Release|x64
		{01245C6A-920B-4786-B7EC-6A8A2316F3A7}.Release|x64.Build.0 = Release|x64
		{01245C6A-920B-4786-B7EC-6A8A2316F3A7}.Release|x86.ActiveCfg = Release|Win32
		{01245C6A-920B-4786-B7EC-6A8A2316F3A7}.Release|x86.Build.0 = Release|Win32
		{1DDDFBF0-D94B-4340-9ED6-1EFBD8A3A41B}.Debug|x64.ActiveCfg = Debug|x64
		{1DDDFBF0-D94B-4340-9ED6-1EFBD8A3A41B}.Debug|x64.Build.0 = Debug|x64
		{1DDDFBF0-D94B-4340-9ED6-1EFBD8A3A41B}.Debug|x86.ActiveCfg = Debug|Win32
		{1DDDFBF0-D94B-4340-9ED6-1EFBD8A3A41B}.Debug|x86.Build.0 = Debug|Win32
		{1DDDFBF0-D94B-4340-9ED6-1EFBD8A3A41B}.Release|x64.ActiveCfg = Release|x64
		{1DDDFBF0-D94B-4340-9ED6-1EFBD8A3A41B}.Release|x64.Build.0 = Release|x64
		{1DDDFBF0-D94B-4340-9ED6-1EFBD8A3A41B}.Release|x86.ActiveCfg = Release|Win32
		{1DDDFBF0-D94B-4340-9ED6-1EFBD8A3A41B}.Release|x86.Build.0 = Release|Win32
		{550A87EC-4996-48E6-962A-34B744C8F695}.Debug|x64.ActiveCfg = Debug|x64
		{550A87EC-4996-48E6-962A-34B744C8F695}.Debug|x64.Build.0 = Debug|x64
		{550A87EC-4996-48E6-962A-34B744C8F695}.Debug|x86.ActiveCfg = Debug|Win32
		{550A87EC-4996-48E6-962A-34B744C8F695}.Debug|x86.Build.0 = Debug|Win32
		{550A87EC-4996-48E6-962A-34B744C8F695}.Release|x64.ActiveCfg = Release|x64
		{550A87EC-4996-48E6-962A-34B744C8F695}.Release|x64.Build.0 = Release|x64
		{550A87EC-4996-48E6-962A-34B744C8F695}.Release|x86.ActiveCfg = Release|Win32
		{550A87EC-4996-48E6-962A-34B744C8F695}.Release|x86.Build.0 = Release|Win32
		{7D78FAC0-0935-4B15-A204-92942E9F6946}.Debug|x64.ActiveCfg = Debug|x64
		{7D78FAC0-0935-4B15-A204-92942E9F6946}.Debug|x64.Build.0 = Debug|x64
		{7D78FAC0-0935-4B15-A204-92942E9F6946}.Debug|x86.ActiveCfg = Debug|Win32
		{7D78FAC0-0935-4B15-A204-92942E9F6946}.Debug|x86.Build.0 = Debug|Win32
		{7D78FAC0-0935-4B15-A204-92942E9F6946}.Release|x64.ActiveCfg = Release|x64
		{7D78FAC0-0935-4B15-A204-92942E9F6946}.Release|x64.Build.0 = Release|x64
		{7D78FAC0-0935-4B15-A204-92942E9F6946}.Release|x86.ActiveCfg = Release|Win32
		{7D78FAC0-0935-4B15-A204-92942E9F6946}.Release|x86.Build.0 = Release|Win32
		{A3DD404F-1BDE-48C3-87D2-4BC360DDCE1F}.Debug|x64.ActiveCfg = Debug|x64
		{A3DD404F-1BDE-48C3-87D2-4BC360DDCE1F}.Debug|x64.Build.0 = Debug|x64
		{A3DD404F-1BDE-48C3-87D2-4BC360DDCE1F}.Debug|x86.ActiveCfg = Debug|Win32
		{A3DD404F-1BDE-48C3-87D2-4BC360DDCE1F}.Debug|x86.Build.0 = Debug|Win32
		{A3DD404F-1BDE-48C3-87D2-4BC360DDCE1F}.Release|x64.ActiveCfg = Release|x64
		{A3DD404F-1BDE-48C3-87D2-4BC360DDCE1F}.Release|x64.Build.0 = Release|x64
		{A3DD404F-1BDE-48C3-87D2-4BC360DDCE1F}.Release|x86.ActiveCfg = Release|Win32
		{A3DD404F-1BDE-48C3-87D2-4BC360DDCE1F}.Release|x86.Build.0 = Release|Win32
		{A755C665-C038-4C8B-A7CC-1203CDBD8C9E}.Debug|x64.ActiveCfg = Debug|x64
		{A755C665-C038-4C8B-A7CC-1203CDBD8C9E}.Debug|x64.Build.0 = Debug|x64
		{A755C665-C038-4C8B-A7CC-1203CDBD8C9E}.Debug|x86.ActiveCfg = Debug|Win32
		{A755C665-C038-4C8B-A7CC-1203CDBD8C9E}.Debug|x86.Build.0 = Debug|Win32
		{A755C665-C038-4C8B-A7CC-1203CDBD8C9E}.Release|x64.ActiveCfg = Release|x64
		{A755C665-C038-4C8B-A7CC-1203CDBD8C9E}.Release|x64.Build.0 = Release|x64
		{A755C665-C038-4C8B-A7CC-1203CDBD8C9E}.Release|x86.ActiveCfg = Release|Win32
		{A755C665-C038-4C8B-A7CC-1203CDBD8C9E}.Release|x86.Build.0 = Release|Win32
		{68585F2B-1DDC-4106-AE91-F3A2C08583F8}.Debug|x64.ActiveCfg = Debug|x64
		{68585F2B-1DDC-4106-AE91-F3A2C08583F8}.Debug|x64.Build.0 = Debug|x64
		{68585F2B-1DDC-4106-AE91-F3A2C08583F8}.Debug|x86.ActiveCfg = Debug|Win32
		{68585F2B-1DDC-4106-AE91-F3A2C08583F8}.Debug|x86.Build.0 = Debug|Win32
		{68585F2B-1DDC-4106-AE91-F3A2C08583F8}.Release|x64.ActiveCfg = Release|x64
		{68585F2B-1DDC-4106-AE91-F3A2C08583F8}.Release|x64.Build.0 = Release|x64
		{68585F2B-1DDC-4106-AE91-F3A2C08583F8}.Release|x86.ActiveCfg = Release|Win32
		{68585F2B-1DDC-4106-AE91-F3A2C08583F8}.Release|x86.Build.0 = Release|Win32
		{0A2399BB-5C32-405B-B151-6637C1A5D322}.Debug|x64.ActiveCfg = Debug|x64
		{0A2399BB-5C32-405B-B151-6637C1A5D322}.Debug|x64.Build.0 = Debug|x64
		{0A2399BB-5C32-405B-B151-6637C1A5D322}.Debug|x86.ActiveCfg = Debug|Win32
		{0A2399BB-5C32-405B-B151-6637C1A5D322}.Debug|x86.Build.0 = Debug|Win32
		{0A2399BB-5C32-405B-B151-6637C1A5D322}.Release|x64.ActiveCfg = Release|x64
		{0A2399BB-5C32-405B-B151-6637C1A5D322}.Release|x64.Build.0 = Release|x64
		{0A2399BB-5C32-405B-B151-6637C1A5D322}.Release|x86.ActiveCfg = Release|Win32
		{0A2399BB-5C32-405B-B151-6637C1A5D322}.Release|x86.Build.0 = Release|Win32
		{B88C9856-39D1-4A59-A98C-C64C487E2860}.Debug|x64.ActiveCfg = Debug|x64
		{B88C9856-39D1-4A59-A98C-C64C487E2860}.Debug|x64.Build.0 = Debug|x64
		{B88C9856-39D1-4A59-A98C-C64C487E2860}.Debug|x86.ActiveCfg = Debug|Win32
		{B88C9856-39D1-4A59-A98C-C64C487E2860}.Debug|x86.Build.0 = Debug|Win32
		{B88C9856-39D1-4A59-A98C-C64C487E2860}.Release|x64.ActiveCfg = Release|x64
		{B88C9856-39D1-4A59-A98C-C64C487E2860}.Release|x64.Build.0 = Release|x64
		{B88C9856-39D1-4A59-A98C-C64C487E2860}.Release|x86.ActiveCfg = Release|Win32
		{B88C9856-39D1-4A59-A98C-C64C487E2860}.Release|x86.Build.0 = Release|Win32
		{F14303FB-8842-46C5-B06A-846F244D5166}.Debug|x64.ActiveCfg = Debug|x64
		{F14303FB-8842-46C5-B06A-846F244D5166}.Debug|x64.Build.0 = Debug|x64
		{F14303FB-8842-46C5-B06A-846F244D5166}.Debug|x86.ActiveCfg = Debug|Win32
		{F14303FB-8842-46C5-B06A-846F244D5166}.Debug|x86.Build.0 = Debug|Win32
		{F14303FB-8842-46C5-B06A-846F244D5166}.Release|x64.ActiveCfg = Release|x64
		{F14303FB-8842-46C5-B06A-846F244D5166}.Release|x64.Build.0 = Release|x64
		{F14303FB-8842-46C5-B06A-846F244D5166}.Release|x86.ActiveCfg = Release|Win32
		{F14303FB-8842-46C5-B06A-846F244D5166}.Release|x86.Build.0 = Release|Win32
		{85817A73-D1AC-4A66-97D5-C2DF55F1D472}.Debug|x64.ActiveCfg = Debug|x64
		{85817A73-D1AC-4A66-97D5-C2DF55F1D472}.Debug|x64.Build.0 = Debug|x64
		{85817A73-D1AC-4A66-97D5-C2DF55F1D472}.Debug|x86.ActiveCfg = Debug|Win32
		{85817A73-D1AC-4A66-97D5-C2DF55F1D472}.Debug|x86.Build.0 = Debug|Win32
		{85817A73-D1AC-4A66-97D5-C2DF55F1D472}.Release|x64.ActiveCfg = Release|x64
		{85817A73-D1AC-4A66-97D5-C2DF55F1D472}.Release|x64.Build.0 = Release|x64
		{85817A73-D1AC-4A66-97D5-C2DF55F1D472}.Release|x86.ActiveCfg = Release|Win32
		{85817A73-D1AC-4A66-97D5-C2DF55F1D472}.Release|x86.Build.0 = Release|Win32
		{A5CF34D8-FBA3-4736-B33E-C57BBD45948D}.Debug|x64.ActiveCfg = Debug|x64
		{A5CF34D8-FBA3-4736-B33E-C57BBD45948D}.Debug|x64.Build.0 = Debug|x64
		{A5CF34D8-FBA3-4736-B33E-C57BBD45948D}.Debug|x86.ActiveCfg = Debug|Win32
		{A5CF34D8-FBA3-4736-B33E-C57BBD45948D}.Debug|x86.Build.0 = Debug|Win32
		{A5CF34D8-FBA3-4736-B33E-C57BBD45948D}.Release|x64.ActiveCfg = Release|x64
		{A5CF34D8-FBA3-4736-B33E-C57BBD45948D}.Release|x64.Build.0 = Release|x64
		{A5CF34D8-FBA3-4736-B33E-C57BBD45948D}.Release|x86.ActiveCfg = Release|Win32
		{A5CF34D8-FBA3-4736-B33E-C57BBD45948D}.Release|x86.Build.0 = Release|Win32
		{343409D3-D9D6-4D00-9176-30CB78F040D7}.Debug|x64.ActiveCfg = Debug|x64
		{343409D3-D9D6-4D00-9176-30CB78F040D7}.Debug|x64.Build.0 = Debug|x64
		{343409D3-D9D6-4D00-9176-30CB78F040D7}.Debug|x86.ActiveCfg = Debug|Win32
		{343409D3-D9D6-4D00-9176-30CB78F040D7}.Debug|x86.Build.0 = Debug|Win32
		{343409D3-D9D6-4D00-9176-30CB78F040D7}.Release|x64.ActiveCfg = Release|x64
		{343409D3-D9D6-4D00-9176-30CB78F040D7}.Release|x64.Build.0 = Release|x64
		{343409D3-D9D6-4D00-9176-30CB78F040D7}.Release|x86.ActiveCfg = Release|Win32
		{343409D3-D9D6-4D00-9176-30CB78F040D7}.Release|x86.Build.0 = Release|Win32
		{19864412-EC34-49F8-BAA5-6D834A5AD9BA}.Debug|x64.ActiveCfg = Debug|x64
		{19864412-EC34-49F8-BAA5-6D834A5AD9BA}.Debug|x64.Build.0 = Debug|x64
		{19864412-EC34-49F8-BAA5-6D834A5AD9BA}.Debug|x86.ActiveCfg = Debug|Win32
		{19864412-EC34-49F8-BAA5-6D834A5AD9BA}.Debug|x86.Build.0 = Debug|Win32
		{19864412-EC34-49F8-BAA5-6D834A5AD9BA}.Release|x64.ActiveCfg = Release|x64
		{19864412-EC34-49F8-BAA5-6D834A5AD9BA}.Release|x64.Build.0 = Release|x64
		{19864412-EC34-49F8-BAA5-6D834A5AD9BA}.Release|x86.ActiveCfg = Release|Win32
		{19864412-EC34-49F8-BAA5-6D834A5AD9BA}.Release|x86.Build.0 = Release|Win32
		{C07EC258-76C6-4DE9-8630-0B6591BAC4FF}.Debug|x64.ActiveCfg = Debug|x64
		{C07EC258-76C6-4DE9-8630-0B6591BAC4FF}.Debug|x64.Build.0 = Debug|x64
		{C07EC258-76C6-4DE9-8630-0B6591BAC4FF}.Debug|x86.ActiveCfg = Debug|Win32
		{C07EC258-76C6-4DE9-8630-0B6591BAC4FF}.Debug|x86.Build.0 = Debug|Win32
		{C07EC258-76C6-4DE9-8630-0B6591BAC4FF}.Release|x64.ActiveCfg = Release|x64
		{C07EC258-76C6-4DE9-8630-0B6591BAC4FF}.Release|x64.Build.0 = Release|x64
		{C07EC258-76C6-4DE9-8630-0B6591BAC4FF}.Release|x86.ActiveCfg = Release|Win32
		{C07EC258-76C6-4DE9-8630-0B6591BAC4FF}.Release|x86.Build.0 = Release|Win32
		{780BAAA8-5D6F-4B31-939F-14A992B3948B}.Debug|x64.ActiveCfg = Debug|x64
		{780BAAA8-5D6F-4B31-939F-14A992B3948B}.Debug|x64.Build.0 = Debug|x64
		{780BAAA8-5D6F-4B31-939F-14A992B3948B}.Debug|x86.ActiveCfg = Debug|Win32
		{780BAAA8-5D6F-4B31-939F-14A992B3948B}.Debug|x86.Build.0 = Debug|Win32
		{780BAAA8-5D6F-4B31-939F-14A992B3948B}.Release|x64.ActiveCfg = Release|x64
		{780BAAA8-5D6F-4B31-939F-14A992B3948B}.Release|x64.Build.0 = Release|x64
		{780BAAA8-5D6F-4B31-939F-14A992B3948B}.Release|x86.ActiveCfg = Release|Win32
		{780BAAA8-5D6F-4B31-939F-14A992B3948B}.Release|x86.Build.0 = Release|Win32
		{1A340322-2271-457F-8A7B-655F7D5D5A17}.Debug|x64.ActiveCfg = Debug|x64
		{1A340322-2271-457F-8A7B-655F7D5D5A17}.Debug|x64.Build.0 = Debug|x64
		{1A340322-2271-457F-8A7B-655F7D5D5A17}.Debug|x86.ActiveCfg = Debug|Win32
		{1A340322-2271-457F-8A7B-655F7D5D5A17}.Debug|x86.Build.0 = Debug|Win32
		{1A340322-2271-457F-8A7B-655F7D5D5A17}.Release|x64.ActiveCfg = Release|x64
		{1A340322-2271-457F-8A7B-655F7D5D5A17}.Release|x64.Build.0 = Release|x64
		{1A340322-2271-457F-8A7B-655F7D5D5A17}.Release|x86.ActiveCfg = Release|Win32
		{1A340322-2271-457F-8A7B-655F7D5D5A17}.Release|x86.Build.0 = Release|Win32
		{26B593BB-11DB-48A1-ACAE-E428BADC4453}.Debug|x64.ActiveCfg = Debug|x64
		{26B593BB-11DB-48A1-ACAE-E428BADC4453}.Debug|x64.Build.0 = Debug|x64
		{26B593BB-11DB-48A1-ACAE-E428BADC4453}.Debug|x86.ActiveCfg = Debug|Win32
		{26B593BB-11DB-48A1-ACAE-E428BADC4453}.Debug|x86.Build.0 = Debug|Win32
		{26B593BB-11DB-48A1-ACAE-E428BADC4453}.Release|x64.ActiveCfg = Release|x64
		{26B593BB-11DB-48A1-ACAE-E428BADC4453}.Release|x64.Build.0 = Release|x64
		{26B593BB-11DB-48A1-ACAE-E428BADC4453}.Release|x86.ActiveCfg = Release|Win32
		{26B593BB-11DB-48A1-ACAE-E428BADC4453}.Release|x86.Build.0 = Release|Win32
		{121B0BD0-9819-41B8-BACE-508A243A80EF}.Debug|x64.ActiveCfg = Debug|x64
		{121B0BD0-9819-41B8-BACE-508A243A80EF}.Debug|x64.Build.0 = Debug|x64
		{121B0BD0-9819-41B8-BACE-508A243A80EF}.Debug|x86.ActiveCfg = Debug|Win32
		{121B0BD0-9819-41B8-BACE-508A243A80EF}.Debug|x86.Build.0 = Debug|Win32
		{121B0BD0-9819-41B8-BACE-508A243A80EF}.Release|x64.ActiveCfg = Release|x64
		{121B0BD0-9819-41B8-BACE-508A243A80EF}.Release|x64.Build.0 = Release|x64
		{121B0BD0-9819-41B8-BACE-508A243A80EF}.Release|x86.ActiveCfg = Release|Win32
		{121B0BD0-9819-41B8-BACE-508A243A80EF}.Release|x86.Build.0 = Release|Win32
		{9416B80C-9E84-4F80-9805-65B529D3F9BF}.Debug|x64.ActiveCfg = Debug|x64
		{9416B80C-9E84-4F80-9805-65B529D3F9BF}.Debug|x64.Build.0 = Debug|x64
		{9416B80C-9E84-4F80-9805-65B529D3F9BF}.Debug|x86.ActiveCfg = Debug|Win32
		{9416B80C-9E84-4F80-9805-65B529D3F9BF}.Debug|x86.Build.0 = Debug|Win32
		{9416B80C-9E84-4F80-9805-65B529D3F9BF}.Release|x64.ActiveCfg = Release|x64
		{9416B80C-9E84-4F80-9805-65B529D3F9BF}.Release|x64.Build.0 = Release|x64
		{9416B80C-9E84-4F80-9805-65B529D3F9BF}.Release|x86.ActiveCfg = Release|Win32
		{9416B80C-9E84-4F80-9805-65B529D3F9BF}.Release|x86.Build.0 = Release|Win32
		{162A2DDE-41ED-4E32-A645-9228E5EC04EC}.Debug|x64.ActiveCfg = Debug|x64
		{162A2DDE-41ED-4E32-A645-9228E5EC04EC}.Debug|x64.Build.0 = Debug|x64
		{162A2DDE-41ED-4E32-A645-9228E5EC04EC}.Debug|x86.ActiveCfg = Debug|Win32
		{162A2DDE-41ED-4E32-A645-9228E5EC04EC}.Debug|x86.Build.0 = Debug|Win32
		{162A2DDE-41ED-4E32-A645-9228E5EC04EC}.Release|x64.ActiveCfg = Release|x64
		{162A2DDE-41ED-4E32-A645-9228E5EC04EC}.Release|x64.Build.0 = Release|x64
		{162A2DDE-41ED-4E32-A645-9228E5EC04EC}.Release|x86.ActiveCfg = Release|Win32
		{162A2DDE-41ED-4E32-A645-9228E5EC04EC}.Release|x86.Build.0 = Release|Win32
		{0ECAD2AD-B6DF-4279-810B-29E76F64CB26}.Debug|x64.ActiveCfg = Debug|x64
		{0ECAD2AD-B6DF-4279-810B-29E76F64CB26}.Debug|x64.Build.0 = Debug|x64
		{0ECAD2AD-B6DF-4279-810B-29E76F64CB26}.Debug|x86.ActiveCfg = Debug|Win32
		{0ECAD2AD-B6DF-4279-810B-29E76F64CB26}.Debug|x86.Build.0 = Debug|Win32
		{0ECAD2AD-B6DF-4279-810B-29E76F64CB26}.Release|x64.ActiveCfg = Release|x64
		{0ECAD2AD-B6DF-4279-810B-29E76F64CB26}.Release|x64.Build.0 = Release|x64
		{0ECAD2AD-B6DF-4279-810B-29E76F64CB26}.Release|x86.ActiveCfg = Release|Win32
		{0ECAD2AD-B6DF-4279-810B-29E76F64CB26}.Release|x86.Build.0 = Release|Win32
		{C9A238CD-2BB7-49AD-AAF4-EDE45CAFDEA6}.Debug|x64.ActiveCfg = Debug|x64
		{C9A238CD-2BB7-49AD-AAF4-EDE45CAFDEA6}.Debug|x64.Build.0 = Debug|x64
		{C9A238CD-2BB7-49AD-AAF4-EDE45CAFDEA6}.Debug|x86.ActiveCfg = Debug|Win32
		{C9A238CD-2BB7-49AD-AAF4-EDE45CAFDEA6}.Debug|x86.Build.0 = Debug|Win32
		{C9A238CD-2BB7-49AD-AAF4-EDE45CAFDEA6}.Release|x64.ActiveCfg = Release|x64
		{C9A238CD-2BB7-49AD-AAF4-EDE45CAFDEA6}.Release|x64.Build.0 = Release|x64
		{C9A238CD-2BB7-49AD-AAF4-EDE45CAFDEA6}.Release|x86.ActiveCfg = Release|Win32
		{C9A238CD-2BB7-49AD-AAF4-EDE45CAFDEA6}.Release|x86.Build.0 = Release|Win32
		{6E786264-2B7F-4BBD-A60C-1F57FA4D9F8F}.Debug|x64.ActiveCfg = Debug|x64
		{6E786264-2B7F-4BBD-A60C-1F57FA4D9F8F}.Debug|x64.Build.0 = Debug|x64
		{6E786264-2B7F-4BBD-A60C-1F57FA4D9F8F}.Debug|x86.ActiveCfg = Debug|Win32
		{6E786264-2B7F-4BBD-A60C-1F57FA4D9F8F}.Debug|x86.Build.0 = Debug|Win32
		{6E786264-2B7F-4BBD-A60C-1F57FA4D9F8F}.Release|x64.ActiveCfg = Release|x64
		{6E786264-2B7F-4BBD-A60C-1F57FA4D9F8F}.Release|x64.Build.0 = Release|x64
		{6E786264-2B7F-4BBD-A60C-1F57FA4D9F8F}.Release|x86.ActiveCfg = Release|Win32
		{6E786264-2B7F-4BBD-A60C-1F57FA4D9F8F}.Release|x86.Build.0 = Release|Win32
		{91FC695A-8A64-4B4A-99A1-4899E17B90D1}.Debug|x64.ActiveCfg = Debug|x64
		{91FC695A-8A64-4B4A-99A1-4899E17B90D1}.Debug|x64.Build.0 = Debug|x64
		{91FC695A-8A64-4B4A-99A1-4899E17B90D1}.Debug|x86.ActiveCfg = Debug|Win32
		{91FC695A-8A64-4B4A-99A1-4899E17B90D1}.Debug|x86.Build.0 = Debug|Win32
		{91FC695A-8A64-4B4A-99A1-4899E17B90D1}.Release|x64.ActiveCfg = Release|x64
		{91FC695A-8A64-4B4A-99A1-4899E17B90D1}.Release|x64.Build.0 = Release|x64
		{91FC695A-8A64-4B4A-99A1-4899E17B90D1}.Release|x86.ActiveCfg = Release|Win32
		{91FC695A-8A64-4B4A-99A1-4899E17B90D1}.Release|x86.Build.0 = Release|Win32
		{10D757DA-A1AB-43BC-8B07-B4AA5B38680C}.Debug|x64.ActiveCfg = Debug|x64
		{10D757DA-A1AB-43BC-8B07-B4AA5B38680C}.Debug|x64.Build.0 = Debug|x64
		{10D757DA-A1AB-43BC-8B07-B4AA5B38680C}.Debug|x86.ActiveCfg = Debug|Win32
		{10D757DA-A1AB-43BC-8B07-B4AA5B38680C}.Debug|x86.Build.0 = Debug|Win32
		{10D757DA-A1AB-43BC-8B07-B4AA5B38680C}.Release|x64.ActiveCfg = Release|x64
		{10D757DA-A1AB-43BC-8B07-B4AA5B38680C}.Release|x64.Build.0 = Release|x64
		{10D757DA-A1AB-43BC-8B07-B4AA5B38680C}.Release|x86.ActiveCfg = Release|Win32
		{10D757DA-A1AB-43BC-8B07-B4AA5B38680C}.Release|x86.Build.0 = Release|Win32
		{6C9850C3-F30D-416C-BF6F-D558374C305D}.Debug|x64.ActiveCfg = Debug|x64
		{6C9850C3-F30D-416C-BF6F-D558374C305D}.Debug|x64.Build.0 = Debug|x64
		{6C9850C3-F30D-416C-BF6F-D558374C305D}.Debug|x86.ActiveCfg = Debug|Win32
		{6C9850C3-F30D-416C-BF6F-D558374C305D}.Debug|x86.Build.0 = Debug|Win32
		{6C9850C3-F30D-416C-BF6F-D558374C305D}.Release|x64.ActiveCfg = Release|x64
		{6C9850C3-F30D-416C-BF6F-D558374C305D}.Release|x64.Build.0 = Release|x64
		{6C9850C3-F30D-416C-BF6F-D558374C305D}.Release|x86.ActiveCfg = Release|Win32
		{6C9850C3-F30D-416C-BF6F-D558374C305D}.Release|x86.Build.0 = Release|Win32
		{1D33D719-868D-46AC-8690-8E73C238C32B}.Debug|x64.ActiveCfg = Debug|x64
		{1D33D719-868D-46AC-8690-8E73C238C32B}.Debug|x64.Build.0 = Debug|x64
		{1D33D719-868D-46AC-8690-8E73C238C32B}.Debug|x86.ActiveCfg = Debug|Win32
		{1D33D719-868D-46AC-8690-8E73C238C32B}.Debug|x86.Build.0 = Debug|Win32
		{1D33D719-868D-46AC-8690-8E73C238C32B}.Release|x64.ActiveCfg = Release|x64
		{1D33D719-868D-46AC-8690-8E73C238C32B}.Release|x64.Build.0 = Release|x64
		{1D33D719-868D-46AC-8690-8E73C238C32B}.Release|x86.ActiveCfg = Release|Win32
		{1D33D719-868D-46AC-8690-8E73C238C32B}.Release|x86.Build.0 = Release|Win32
		{D3F2E210-0BB5-4B69-989B-5DEEB9090790}.Debug|x64.ActiveCfg = Debug|x64
		{D3F2E210-0BB5-4B69-989B-5DEEB9090790}.Debug|x64.Build.0 = Debug|x64
		{D3F2E210-0BB5-4B69-989B-5DEEB9090790}.Debug|x86.ActiveCfg = Debug|Win32
		{D3F2E210-0BB5-4B69-989B-5DEEB9090790}.Debug|x86.Build.0 = Debug|Win32
		{D3F2E210-0BB5-4B69-989B-5DEEB9090790}.Release|x64.ActiveCfg = Release|x64
		{D3F2E210-0BB5-4B69-989B-5DEEB9090790}.Release|x64.Build.0 = Release|x64
		{D3F2E210-0BB5-4B69-989B-5DEEB9090790}.Release|x86.ActiveCfg = Release|Win32
		{D3F2E210-0BB5-4B69-989B-5DEEB9090790}.Release|x86.Build.0 = Release|Win32
		{6E669DB6-C50F-4BB8-A0CC-241359370A1F}.Debug|x64.ActiveCfg = Debug|x64
		{6E669DB6-C50F-4BB8-A0CC-241359370A1F}.Debug|x64.Build.0 = Debug|x64
		{6E669DB6-C50F-4BB8-A0CC-241359370A1F}.Debug|x86.ActiveCfg = Debug|Win32
		{6E669DB6-C50F-4BB8-A0CC-241359370A1F}.Debug|x86.Build.0 = Debug|Win32
		{6E669DB6-C50F-4BB8-A0CC-241359370A1F}.Release|x64.ActiveCfg = Release|x64
		{6E669DB6-C50F-4BB8-A0CC-241359370A1F}.Release|x64.Build.0 = Release|x64
		{6E669DB6-C50F-4BB8-A0CC-241359370A1F}.Release|x86.ActiveCfg = Release|Win32
		{6E669DB6-C50F-4BB8-A0CC-241359370A1F}.Release|x86.Build.0 = Release|Win32
		{D8F2E076-3F82-4013-B2C1-602CA99E1FAC}.Debug|x64.ActiveCfg = Debug|x64
		{D8F2E076-3F82-4013-B2C1-602CA99E1FAC}.Debug|x64.Build.0 = Debug|x64
		{D8F2E076-3F82-4013-B2C1-602CA99E1FAC}.Debug|x86.ActiveCfg = Debug|Win32
		{D8F2E076-3F82-4013-B2C1-602CA99E1FAC}.Debug|x86.Build.0 = Debug|Win32
		{D8F2E076-3F82-4013-B2C1-602CA99E1FAC}.Release|x64.ActiveCfg = Release|x64
		{D8F2E076-3F82-4013-B2C1-602CA99E1FAC}.Release|x64.Build.0 = Release|x64
		{D8F2E076-3F82-4013-B2C1-602CA99E1FAC}.Release|x86.ActiveCfg = Release|Win32
		{D8F2E076-3F82-4013-B2C1-602CA99E1FAC}.Release|x86.Build.0 = Release|Win32
		{830E42AA-743C-4D4D-8C37-19BFD8DB48D3}.Debug|x64.ActiveCfg = Debug|x64
		{830E42AA-743C-4D4D-8C37-19BFD8DB48D3}.Debug|x64.Build.0 = Debug|x64
		{830E42AA-743C-4D4D-8C37-19BFD8DB48D3}.Debug|x86.ActiveCfg = Debug|Win32
		{830E42AA-743C-4D4D-8C37-19BFD8DB48D3}.Debug|x86.Build.0 = Debug|Win32
		{830E42AA-743C-4D4D-8C37-19BFD8DB48D3}.Release|x64.ActiveCfg = Release|x64
		{830E42AA-743C-4D4D-8C37-19BFD8DB48D3}.Release|x64.Build.0 = Release|x64
		{830E42AA-743C-4D4D-8C37-19BFD8DB48D3}.Release|x86.ActiveCfg = Release|Win32
		{830E42AA-743C-4D4D-8C37-19BFD8DB48D3}.Release|x86.Build.0 = Release|Win32
		{C11D7FED-7D02-4E83-B48B-60E54E6AED3F}.Debug|x64.ActiveCfg = Debug|x64
		{C11D7FED-7D02-4E83-B48B-60E54E6AED3F}.Debug|x64.Build.0 = Debug|x64
		{C11D7FED-7D02-4E83-B48B-60E54E6AED3F}.Debug|x86.ActiveCfg = Debug|Win32
		{C11D7FED-7D02-4E83-B48B-60E54E6AED3F}.Debug|x86.Build.0 = Debug|Win32
		{C11D7FED-7D02-4E83-B48B-60E54E6AED3F}.Release|x64.ActiveCfg = Release|x64
		{C11D7FED-7D02-4E83-B48B-60E54E6AED3F}.Release|x64.Build.0 = Release|x64
		{C11D7FED-7D02-4E83-B48B-60E54E6AED3F}.Release|x86.ActiveCfg = Release|Win32
		{C11D7FED-7D02-4E83-B48B-60E54E6AED3F}.Release|x86.Build.0 = Release|Win32
		{9686D2ED-1A29-4BC1-A7E6-0D4D4F137182}.Debug|x64.ActiveCfg = Debug|x64
		{9686D2ED-1A29-4BC1-A7E6-0D4D4F137182}.Debug|x64.Build.0 = Debug|x64
		{9686D2ED-1A29-4BC1-A7E6-0D4D4F137182}.Debug|x86.ActiveCfg = Debug|Win32
		{9686D2ED-1A29-4BC1-A7E6-0D4D4F137182}.Debug|x86.Build.0 = Debug|Win32
		{9686D2ED-1A29-4BC1-A7E6-0D4D4F137182}.Release|x64.ActiveCfg = Release|x64
		{9686D2ED-1A29-4BC1-A7E6-0D4D4F137182}.Release|x64.Build.0 = Release|x64
		{9686D2ED-1A29-4BC1-A7E6-0D4D4F137182}.Release|x86.ActiveCfg = Release|Win32
		{9686D2ED-1A29-4BC1-A7E6-0D4D4F137182}.Release|x86.Build.0 = Release|Win32
		{99DEE43A-B0C3-455D-A84A-906CCEC6CDF2}.Debug|x64.ActiveCfg = Debug|x64
		{99DEE43A-B0C3-455D-A84A-906CCEC6CDF2}.Debug|x64.Build.0 = Debug|x64
		{99DEE43A-B0C3-455D-A84A-906CCEC6CDF2}.Debug|x86.ActiveCfg = Debug|Win32
		{99DEE43A-B0C3-455D-A84A-906CCEC6CDF2}.Debug|x86.Build.0 = Debug|Win32
		{99DEE43A-B0C3-455D-A84A-906CCEC6CDF2}.Release|x64.ActiveCfg = Release|x64
		{99DEE43A-B0C3-455D-A84A-906CCEC6CDF2}.Release|x64.Build.0 = Release|x64
		{99DEE43A-B0C3-455D-A84A-906CCEC6CDF2}.Release|x86.ActiveCfg = Release|Win32
		{99DEE43A-B0C3-455D-A84A-906CCEC6CDF2}.Release|x86.Build.0 = Release|Win32
		{E41AFC89-CA04-4D71-9544-6EA3154F889B}.Debug|x64.ActiveCfg = Debug|x64
		{E41AFC89-CA04-4D71-9544-6EA3154F889B}.Debug|x64.Build.0 = Debug|x64
		{E41AFC89-CA04-4D71-9544-6EA3154F889B}.Debug|x86.ActiveCfg = Debug|Win32
		{E41AFC89-CA04-4D71-9544-6EA3154F889B}.Debug|x86.Build.0 = Debug|Win32
		{E41AFC89-CA04-4D71-9544-6EA3154F889B}.Release|x64.ActiveCfg = Release|x64
		{E41AFC89-CA04-4D71-9544-6EA3154F889B}.Release|x64.Build.0 = Release|x64
		{E41AFC89-CA04-4D71-9544-6EA3154F889B}.Release|x86.ActiveCfg = Release|Win32
		{E41AFC89-CA04-4D71-9544-6EA3154F889B}.Release|x86.Build.0 = Release|Win32
		{1BFCD5BF-ECFA-4A93-9086-0C4A625C2C0F}.Debug|x64.ActiveCfg = Debug|x64
		{1BFCD5BF-ECFA-4A93-9086-0C4A625C2C0F}.Debug|x64.Build.0 = Debug|x64
		{1BFCD5BF-ECFA-4A93-9086-0C4A625C2C0F}.Debug|x86.ActiveCfg = Debug|Win32
		{1BFCD5BF-ECFA-4A93-9086-0C4A625C2C0F}.Debug|x86.Build.0 = Debug|Win32
		{1BFCD5BF-ECFA-4A93-9086-0C4A625C2C0F}.Release|x64.ActiveCfg = Release|x64
		{1BFCD5BF-ECFA-4A93-9086-0C4A625C2C0F}.Release|x64.Build.0 = Release|x64
		{1BFCD5BF-ECFA-4A93-9086-0C4A625C2C0F}.Release|x86.ActiveCfg = Release|Win32
		{1BFCD5BF-ECFA-4A93-9086-0C4A625C2C0F}.Release|x86.Build.0 = Release|Win32
		{47888976-745B-406D-96A3-17785487597F}.Debug|x64.ActiveCfg = Debug|x64
		{47888976-745B-406D-96A3-17785487597F}.Debug|x64.Build.0 = Debug|x64
		{47888976-745B-406D-96A3-17785487597F}.Debug|x86.ActiveCfg = Debug|Win32
		{47888976-745B-406D-96A3-17785487597F}.Debug|x86.Build.0 = Debug|Win32
		{47888976-745B-406D-96A3-17785487597F}.Release|x64.ActiveCfg = Release|x64
		{47888976-745B-406D-96A3-17785487597F}.Release|x64.Build.0 = Release|x64
		{47888976-745B-406D-96A3-17785487597F}.Release|x86.ActiveCfg = Release|Win32
		{47888976-745B-406D-96A3-17785487597F}.Release|x86.Build.0 = Release|Win32
		{802CA8C8-4C19-45F6-828F-9AA66D7FC4D2}.Debug|x64.ActiveCfg = Debug|x64
		{802CA8C8-4C19-45F6-828F-9AA66D7FC4D2}.Debug|x64.Build.0 = Debug|x64
		{802CA8C8-4C19-45F6-828F-9AA66D7FC4D2}.Debug|x86.ActiveCfg = Debug|Win32
		{802CA8C8-4C19-45F6-828F-9AA66D7FC4D2}.Debug|x86.Build.0 = Debug|Win32
		{802CA8C8-4C19-45F6-828F-9AA66D7FC4D2}.Release|x64.ActiveCfg = Release|x64
		{802CA8C8-4C19-45F6-828F-9AA66D7FC4D2}.Release|x64.Build.0 = Release|x64
		{802CA8C8-4C19-45F6-828F-9AA66D7FC4D2}.Release|x86.ActiveCfg = Release|Win32
		{802CA8C8-4C19-45F6-828F-9AA66D7FC4D2}.Release|x86.Build.0 = Release|Win32
		{5333475F-A74D-4355-8907-1792F377C806}.Debug|x64.ActiveCfg = Debug|x64
		{5333475F-A74D-4355-8907-1792F377C806}.Debug|x64.Build.0 = Debug|x64
		{5333475F-A74D-4355-8907-1792F377C806}.Debug|x86.ActiveCfg = Debug|Win32
		{5333475F-A74D-4355-8907-1792F377C806}.Debug|x86.Build.0 = Debug|Win32
		{5333475F-A74D-4355-8907-1792F377C806}.Release|x64.ActiveCfg = Release|x64
		{5333475F-A74D-4355-8907-1792F377C806}.Release|x64.Build.0 = Release|x64
		{5333475F-A74D-4355-8907-1792F377C806}.Release|x86.ActiveCfg = Release|Win32
		{5333475F-A74D-4355-8907-1792F377C806}.Release|x86.Build.0 = Release|Win32
		{E47DED55-89F1-4929-A994-3C8DDFC7B49E}.Debug|x64.ActiveCfg = Debug|x64
		{E47DED55-89F1-4929-A994-3C8DDFC7B49E}.Debug|x64.Build.0 = Debug|x64
		{E47DED55-89F1-4929-A994-3C8DDFC7B49E}.Debug|x86.ActiveCfg = Debug|Win32
		{E47DED55-89F1-4929-A994-3C8DDFC7B49E}.Debug|x86.Build.0 = Debug|Win32
		{E47DED55-89F1-4929-A994-3C8DDFC7B49E}.Release|x64.ActiveCfg = Release|x64
		{E47DED55-89F1-4929-A994-3C8DDFC7B49E}.Release|x64.Build.0 = Release|x64
		{E47DED55-89F1-4929-A994-3C8DDFC7B49E}.Release|x86.ActiveCfg = Release|Win32
		{E47DED55-89F1-4929-A994-3C8DDFC7B49E}.Release|x86.Build.0 = Release|Win32
		{4A188A1E-4F63-4330-A846-97A0C8E1D5E3}.Debug|x64.ActiveCfg = Debug|x64
		{4A188A1E-4F63-4330-A846-97A0C8E1D5E3}.Debug|x64.Build.0 = Debug|x64
		{4A188A1E-4F63-4330-A846-97A0C8E1D5E3}.Debug|x86.ActiveCfg = Debug|Win32
		{4A188A1E-4F63-4330-A846-97A0C8E1D5E3}.Debug|x86.Build.0 = Debug|Win32
		{4A188A1E-4F63-4330-A846-97A0C8E1D5E3}.Release|x64.ActiveCfg = Release|x64
		{4A188A1E-4F63-4330-A846-97A0C8E1D5E3}.Release|x64.Build.0 = Release|x64
		{4A188A1E-4F63-4330-A846-97A0C8E1D5E3}.Release|x86.ActiveCfg = Release|Win32
		{4A188A1E-4F63-4330-A846-97A0C8E1D5E3}.Release|x86.Build.0 = Release|Win32
		{692FB58C-1C69-4D58-B29C-15DB2036E9F6}.Debug|x64.ActiveCfg = Debug|x64
		{692FB58C-1C69-4D58-B29C-15DB2036E9F6}.Debug|x64.Build.0 = Debug|x64
		{692FB58C-1C69-4D58-B29C-15DB2036E9F6}.Debug|x86.ActiveCfg = Debug|Win32
		{692FB58C-1C69-4D58-B29C-15DB2036E9F6}.Debug|x86.Build.0 = Debug|Win32
		{692FB58C-1C69-4D58-B29C-15DB2036E9F6}.Release|x64.ActiveCfg = Release|x64
		{692FB58C-1C69-4D58-B29C-15DB2036E9F6}.Release|x64.Build.0 = Release|x64
		{692FB58C-1C69-4D58-B29C-15DB2036E9F6}.Release|x86.ActiveCfg = Release|Win32
		{692FB58C-1C69-4D58-B29C-15DB2036E9F6}.Release|x86.Build.0 = Release|Win32
		{ED6683A4-357E-4A62-B723-F97090348E2C}.Debug|x64.ActiveCfg = Debug|x64
		{ED6683A4-357E-4A62-B723-F97090348E2C}.Debug|x64.Build.0 = Debug|x64
		{ED6683A4-357E-4A62-B723-F97090348E2C}.Debug|x86.ActiveCfg = Debug|Win32
		{ED6683A4-357E-4A62-B723-F97090348E2C}.Debug|x86.Build.0 = Debug|Win32
		{ED6683A4-357E-4A62-B723-F97090348E2C}.Release|x64.ActiveCfg = Release|x64
		{ED6683A4-357E-4A62-B723-F97090348E2C}.Release|x64.Build.0 = Release|x64
		{ED6683A4-357E-4A62-B723-F97090348E2C}.Release|x86.ActiveCfg = Release|Win32
		{ED6683A4-357E-4A62-B723-F97090348E2C}.Release|x86.Build.0 = Release|Win32
		{7CFBCEA1-B1AE-4A6A-BC07-3614453D6EB7}.Debug|x64.ActiveCfg = Debug|x64
		{7CFBCEA1-B1AE-4A6A-BC07-3614453D6EB7}.Debug|x64.Build.0 = Debug|x64
		{7CFBCEA1-B1AE-4A6A-BC07-3614453D6EB7}.Debug|x86.ActiveCfg = Debug|Win32
		{7CFBCEA1-B1AE-4A6A-BC07-3614453D6EB7}.Debug|x86.Build.0 = Debug|Win32
		{7CFBCEA1-B1AE-4A6A-BC07-3614453D6EB7}.Release|x64.ActiveCfg = Release|x64
		{7CFBCEA1-B1AE-4A6A-BC07-3614453D6EB7}.Release|x64.Build.0 = Release|x64
		{7CFBCEA1-B1AE-4A6A-BC07-3614453D6EB7}.Release|x86.ActiveCfg = Release|Win32
		{7CFBCEA1-B1AE-4A6A-BC07-3614453D6EB7}.Release|x86.Build.0 = Release|Win32
		{72528592-9E3D-4657-9C7C-A8EDF3910553}.Debug|x64.ActiveCfg = Debug|x64
		{72528592-9E3D-4657-9C7C-A8EDF3910553}.Debug|x64.Build.0 = Debug|x64
		{72528592-9E3D-4657-9C7C-A8EDF3910553}.Debug|x86.ActiveCfg = Debug|Win32
		{72528592-9E3D-4657-9C7C-A8EDF3910553}.Debug|x86.Build.0 = Debug|Win32
		{72528592-9E3D-4657-9C7C-A8EDF3910553}.Release|x64.ActiveCfg = Release|x64
		{72528592-9E3D-4657-9C7C-A8EDF3910553}.Release|x64.Build.0 = Release|x64
		{72528592-9E3D-4657-9C7C-A8EDF3910553}.Release|x86.ActiveCfg = Release|Win32
		{72528592-9E3D-4657-9C7C-A8EDF3910553}.Release|x86.Build.0 = Release|Win32
		{F2A3839A-10D4-4220-91CA-9609FC37BB0B}.Debug|x64.ActiveCfg = Debug|x64
		{F2A3839A-10D4-4220-91CA-9609FC37BB0B}.Debug|x64.Build.0 = Debug|x64
		{F2A3839A-10D4-4220-91CA-9609FC37BB0B}.Debug|x86.ActiveCfg = Debug|Win32
		{F2A3839A-10D4-4220-91CA-9609FC37BB0B}.Debug|x86.Build.0 = Debug|Win32
		{F2A3839A-10D4-4220-91CA-9609FC37BB0B}.Release|x64.ActiveCfg = Release|x64
		{F2A3839A-10D4-4220-91CA-9609FC37BB0B}.Release|x64.Build.0 = Release|x64
		{F2A3839A-10D4-4220-91CA-9609FC37BB0B}.Release|x86.ActiveCfg = Release|Win32
		{F2A3839A-10D4-4220-91CA-9609FC37BB0B}.Release|x86.Build.0 = Release|Win32
		{EA92BB52-5913-4E38-AC6A-4E9F256DBCCA}.Debug|x64.ActiveCfg = Debug|x64
		{EA92BB52-5913-4E38-AC6A-4E9F256DBCCA}.Debug|x64.Build.0 = Debug|x64
		{EA92BB52-5913-4E38-AC6A-4E9F256DBCCA}.Debug|x86.ActiveCfg = Debug|Win32
		{EA92BB52-5913-4E38-AC6A-4E9F256DBCCA}.Debug|x86.Build.0 = Debug|Win32
		{EA92BB52-5913-4E38-AC6A-4E9F256DBCCA}.Release|x64.ActiveCfg = Release|x64
		{EA92BB52-5913-4E38-AC6A-4E9F256DBCCA}.Release|x64.Build.0 = Release|x64
		{EA92BB52-5913-4E38-AC6A-4E9F256DBCCA}.Release|x86.ActiveCfg = Release|Win32
		{EA92BB52-5913-4E38-AC6A-4E9F256DBCCA}.Release|x86.Build.0 = Release|Win32
		{941A9235-D5E0-466E-86C7-B210C7181E89}.Debug|x64.ActiveCfg = Debug|x64
		{941A9235-D5E0-466E-86C7-B210C7181E89}.Debug|x64.Build.0 = Debug|x64
		{941A9235-D5E0-466E-86C7-B210C7181E89}.Debug|x86.ActiveCfg = Debug|Win32
		{941A9235-D5E0-466E-86C7-B210C7181E89}.Debug|x86.Build.0 = Debug|Win32
		{941A9235-D5E0-466E-86C7-B210C7181E89}.Release|x64.ActiveCfg = Release|x64
		{941A9235-D5E0-466E-86C7-B210C7181E89}.Release|x64.Build.0 = Release|x64
		{941A9235-D5E0-466E-86C7-B210C7181E89}.Release|x86.ActiveCfg = Release|Win32
		{941A9235-D5E0-466E-86C7-B210C7181E89}.Release|x86.Build.0 = Release|Win32
	EndGlobalSection
	GlobalSection(SolutionProperties) = preSolution
		HideSolutionNode = FALSE
	EndGlobalSection
	GlobalSection(ExtensibilityGlobals) = postSolution
		SolutionGuid = {1B083773-0F76-4D43-9B62-2847B05B9C81}
	EndGlobalSection
EndGlobal
