
Microsoft Visual Studio Solution File, Format Version 12.00
# Visual Studio Version 17
VisualStudioVersion = 17.0.31919.166
MinimumVisualStudioVersion = 10.0.40219.1
Project("{8BC9CEB8-8B4A-11D0-8D11-00A0C91BC942}") = "24-17-GetFileType", "24-17-GetFileType.vcxproj", "{5333475F-A74D-4355-8907-1792F377C806}"
EndProject
Global
	GlobalSection(SolutionConfigurationPlatforms) = preSolution
		Debug|x64 = Debug|x64
		Debug|x86 = Debug|x86
		Release|x64 = Release|x64
		Release|x86 = Release|x86
	EndGlobalSection
	GlobalSection(ProjectConfigurationPlatforms) = postSolution
		{5333475F-A74D-4355-8907-1792F377C806}.Debug|x64.ActiveCfg = Debug|x64
		{5333475F-A74D-4355-8907-1792F377C806}.Debug|x64.Build.0 = Debug|x64
		{5333475F-A74D-4355-8907-1792F377C806}.Debug|x86.ActiveCfg = Debug|Win32
		{5333475F-A74D-4355-8907-1792F377C806}.Debug|x86.Build.0 = Debug|Win32
		{5333475F-A74D-4355-8907-1792F377C806}.Release|x64.ActiveCfg = Release|x64
		{5333475F-A74D-4355-8907-1792F377C806}.Release|x64.Build.0 = Release|x64
		{5333475F-A74D-4355-8907-1792F377C806}.Release|x86.ActiveCfg = Release|Win32
		{5333475F-A74D-4355-8907-1792F377C806}.Release|x86.Build.0 = Release|Win32
	EndGlobalSection
	GlobalSection(SolutionProperties) = preSolution
		HideSolutionNode = FALSE
	EndGlobalSection
	GlobalSection(ExtensibilityGlobals) = postSolution
		SolutionGuid = {F9376359-B050-402B-8626-F186D2E5C1B0}
	EndGlobalSection
EndGlobal
